// !$*UTF8*$!
{
	archiveVersion = 1;
	classes = {
	};
	objectVersion = 50;
	objects = {

/* Begin PBXBuildFile section */
		C29D086423DB71E0004848F7 /* AppDelegate.swift in Sources */ = {isa = PBXBuildFile; fileRef = C29D086323DB71E0004848F7 /* AppDelegate.swift */; };
		C29D086623DB71E0004848F7 /* ViewController.swift in Sources */ = {isa = PBXBuildFile; fileRef = C29D086523DB71E0004848F7 /* ViewController.swift */; };
		C29D086923DB71E0004848F7 /* Main.storyboard in Resources */ = {isa = PBXBuildFile; fileRef = C29D086723DB71E0004848F7 /* Main.storyboard */; };
		C29D086C23DB71E0004848F7 /* UdaciFitness.xcdatamodeld in Sources */ = {isa = PBXBuildFile; fileRef = C29D086A23DB71E0004848F7 /* UdaciFitness.xcdatamodeld */; };
		C29D086E23DB71E3004848F7 /* Assets.xcassets in Resources */ = {isa = PBXBuildFile; fileRef = C29D086D23DB71E3004848F7 /* Assets.xcassets */; };
		C29D087123DB71E3004848F7 /* LaunchScreen.storyboard in Resources */ = {isa = PBXBuildFile; fileRef = C29D086F23DB71E3004848F7 /* LaunchScreen.storyboard */; };
		C29D087C23DB71E3004848F7 /* UdaciFitnessTests.swift in Sources */ = {isa = PBXBuildFile; fileRef = C29D087B23DB71E3004848F7 /* UdaciFitnessTests.swift */; };
		C29D088723DB71E3004848F7 /* UdaciFitnessUITests.swift in Sources */ = {isa = PBXBuildFile; fileRef = C29D088623DB71E3004848F7 /* UdaciFitnessUITests.swift */; };
/* End PBXBuildFile section */

/* Begin PBXContainerItemProxy section */
		C29D087823DB71E3004848F7 /* PBXContainerItemProxy */ = {
			isa = PBXContainerItemProxy;
			containerPortal = C29D085823DB71DF004848F7 /* Project object */;
			proxyType = 1;
			remoteGlobalIDString = C29D085F23DB71E0004848F7;
			remoteInfo = UdaciFitness;
		};
		C29D088323DB71E3004848F7 /* PBXContainerItemProxy */ = {
			isa = PBXContainerItemProxy;
			containerPortal = C29D085823DB71DF004848F7 /* Project object */;
			proxyType = 1;
			remoteGlobalIDString = C29D085F23DB71E0004848F7;
			remoteInfo = UdaciFitness;
		};
/* End PBXContainerItemProxy section */

/* Begin PBXFileReference section */
		C29D086023DB71E0004848F7 /* UdaciFitness.app */ = {isa = PBXFileReference; explicitFileType = wrapper.application; includeInIndex = 0; path = UdaciFitness.app; sourceTree = BUILT_PRODUCTS_DIR; };
		C29D086323DB71E0004848F7 /* AppDelegate.swift */ = {isa = PBXFileReference; lastKnownFileType = sourcecode.swift; path = AppDelegate.swift; sourceTree = "<group>"; };
		C29D086523DB71E0004848F7 /* ViewController.swift */ = {isa = PBXFileReference; lastKnownFileType = sourcecode.swift; path = ViewController.swift; sourceTree = "<group>"; };
		C29D086823DB71E0004848F7 /* Base */ = {isa = PBXFileReference; lastKnownFileType = file.storyboard; name = Base; path = Base.lproj/Main.storyboard; sourceTree = "<group>"; };
		C29D086B23DB71E0004848F7 /* UdaciFitness.xcdatamodel */ = {isa = PBXFileReference; lastKnownFileType = wrapper.xcdatamodel; path = UdaciFitness.xcdatamodel; sourceTree = "<group>"; };
		C29D086D23DB71E3004848F7 /* Assets.xcassets */ = {isa = PBXFileReference; lastKnownFileType = folder.assetcatalog; path = Assets.xcassets; sourceTree = "<group>"; };
		C29D087023DB71E3004848F7 /* Base */ = {isa = PBXFileReference; lastKnownFileType = file.storyboard; name = Base; path = Base.lproj/LaunchScreen.storyboard; sourceTree = "<group>"; };
		C29D087223DB71E3004848F7 /* Info.plist */ = {isa = PBXFileReference; lastKnownFileType = text.plist.xml; path = Info.plist; sourceTree = "<group>"; };
		C29D087723DB71E3004848F7 /* UdaciFitnessTests.xctest */ = {isa = PBXFileReference; explicitFileType = wrapper.cfbundle; includeInIndex = 0; path = UdaciFitnessTests.xctest; sourceTree = BUILT_PRODUCTS_DIR; };
		C29D087B23DB71E3004848F7 /* UdaciFitnessTests.swift */ = {isa = PBXFileReference; lastKnownFileType = sourcecode.swift; path = UdaciFitnessTests.swift; sourceTree = "<group>"; };
		C29D087D23DB71E3004848F7 /* Info.plist */ = {isa = PBXFileReference; lastKnownFileType = text.plist.xml; path = Info.plist; sourceTree = "<group>"; };
		C29D088223DB71E3004848F7 /* UdaciFitnessUITests.xctest */ = {isa = PBXFileReference; explicitFileType = wrapper.cfbundle; includeInIndex = 0; path = UdaciFitnessUITests.xctest; sourceTree = BUILT_PRODUCTS_DIR; };
		C29D088623DB71E3004848F7 /* UdaciFitnessUITests.swift */ = {isa = PBXFileReference; lastKnownFileType = sourcecode.swift; path = UdaciFitnessUITests.swift; sourceTree = "<group>"; };
		C29D088823DB71E3004848F7 /* Info.plist */ = {isa = PBXFileReference; lastKnownFileType = text.plist.xml; path = Info.plist; sourceTree = "<group>"; };
/* End PBXFileReference section */

/* Begin PBXFrameworksBuildPhase section */
		C29D085D23DB71E0004848F7 /* Frameworks */ = {
			isa = PBXFrameworksBuildPhase;
			buildActionMask = 2147483647;
			files = (
			);
			runOnlyForDeploymentPostprocessing = 0;
		};
		C29D087423DB71E3004848F7 /* Frameworks */ = {
			isa = PBXFrameworksBuildPhase;
			buildActionMask = 2147483647;
			files = (
			);
			runOnlyForDeploymentPostprocessing = 0;
		};
		C29D087F23DB71E3004848F7 /* Frameworks */ = {
			isa = PBXFrameworksBuildPhase;
			buildActionMask = 2147483647;
			files = (
			);
			runOnlyForDeploymentPostprocessing = 0;
		};
/* End PBXFrameworksBuildPhase section */

/* Begin PBXGroup section */
		C29D085723DB71DF004848F7 = {
			isa = PBXGroup;
			children = (
				C29D086223DB71E0004848F7 /* UdaciFitness */,
				C29D087A23DB71E3004848F7 /* UdaciFitnessTests */,
				C29D088523DB71E3004848F7 /* UdaciFitnessUITests */,
				C29D086123DB71E0004848F7 /* Products */,
			);
			sourceTree = "<group>";
		};
		C29D086123DB71E0004848F7 /* Products */ = {
			isa = PBXGroup;
			children = (
				C29D086023DB71E0004848F7 /* UdaciFitness.app */,
				C29D087723DB71E3004848F7 /* UdaciFitnessTests.xctest */,
				C29D088223DB71E3004848F7 /* UdaciFitnessUITests.xctest */,
			);
			name = Products;
			sourceTree = "<group>";
		};
		C29D086223DB71E0004848F7 /* UdaciFitness */ = {
			isa = PBXGroup;
			children = (
				C29D086323DB71E0004848F7 /* AppDelegate.swift */,
				C29D086523DB71E0004848F7 /* ViewController.swift */,
				C29D086723DB71E0004848F7 /* Main.storyboard */,
				C29D086D23DB71E3004848F7 /* Assets.xcassets */,
				C29D086F23DB71E3004848F7 /* LaunchScreen.storyboard */,
				C29D087223DB71E3004848F7 /* Info.plist */,
				C29D086A23DB71E0004848F7 /* UdaciFitness.xcdatamodeld */,
			);
			path = UdaciFitness;
			sourceTree = "<group>";
		};
		C29D087A23DB71E3004848F7 /* UdaciFitnessTests */ = {
			isa = PBXGroup;
			children = (
				C29D087B23DB71E3004848F7 /* UdaciFitnessTests.swift */,
				C29D087D23DB71E3004848F7 /* Info.plist */,
			);
			path = UdaciFitnessTests;
			sourceTree = "<group>";
		};
		C29D088523DB71E3004848F7 /* UdaciFitnessUITests */ = {
			isa = PBXGroup;
			children = (
				C29D088623DB71E3004848F7 /* UdaciFitnessUITests.swift */,
				C29D088823DB71E3004848F7 /* Info.plist */,
			);
			path = UdaciFitnessUITests;
			sourceTree = "<group>";
		};
/* End PBXGroup section */

/* Begin PBXNativeTarget section */
		C29D085F23DB71E0004848F7 /* UdaciFitness */ = {
			isa = PBXNativeTarget;
			buildConfigurationList = C29D088B23DB71E3004848F7 /* Build configuration list for PBXNativeTarget "UdaciFitness" */;
			buildPhases = (
				C29D085C23DB71E0004848F7 /* Sources */,
				C29D085D23DB71E0004848F7 /* Frameworks */,
				C29D085E23DB71E0004848F7 /* Resources */,
			);
			buildRules = (
			);
			dependencies = (
			);
			name = UdaciFitness;
			productName = UdaciFitness;
			productReference = C29D086023DB71E0004848F7 /* UdaciFitness.app */;
			productType = "com.apple.product-type.application";
		};
		C29D087623DB71E3004848F7 /* UdaciFitnessTests */ = {
			isa = PBXNativeTarget;
			buildConfigurationList = C29D088E23DB71E3004848F7 /* Build configuration list for PBXNativeTarget "UdaciFitnessTests" */;
			buildPhases = (
				C29D087323DB71E3004848F7 /* Sources */,
				C29D087423DB71E3004848F7 /* Frameworks */,
				C29D087523DB71E3004848F7 /* Resources */,
			);
			buildRules = (
			);
			dependencies = (
				C29D087923DB71E3004848F7 /* PBXTargetDependency */,
			);
			name = UdaciFitnessTests;
			productName = UdaciFitnessTests;
			productReference = C29D087723DB71E3004848F7 /* UdaciFitnessTests.xctest */;
			productType = "com.apple.product-type.bundle.unit-test";
		};
		C29D088123DB71E3004848F7 /* UdaciFitnessUITests */ = {
			isa = PBXNativeTarget;
			buildConfigurationList = C29D089123DB71E3004848F7 /* Build configuration list for PBXNativeTarget "UdaciFitnessUITests" */;
			buildPhases = (
				C29D087E23DB71E3004848F7 /* Sources */,
				C29D087F23DB71E3004848F7 /* Frameworks */,
				C29D088023DB71E3004848F7 /* Resources */,
			);
			buildRules = (
			);
			dependencies = (
				C29D088423DB71E3004848F7 /* PBXTargetDependency */,
			);
			name = UdaciFitnessUITests;
			productName = UdaciFitnessUITests;
			productReference = C29D088223DB71E3004848F7 /* UdaciFitnessUITests.xctest */;
			productType = "com.apple.product-type.bundle.ui-testing";
		};
/* End PBXNativeTarget section */

/* Begin PBXProject section */
		C29D085823DB71DF004848F7 /* Project object */ = {
			isa = PBXProject;
			attributes = {
				LastSwiftUpdateCheck = 1010;
				LastUpgradeCheck = 1010;
				ORGANIZATIONNAME = "Aemal Sayer";
				TargetAttributes = {
					C29D085F23DB71E0004848F7 = {
						CreatedOnToolsVersion = 10.1;
					};
					C29D087623DB71E3004848F7 = {
						CreatedOnToolsVersion = 10.1;
						TestTargetID = C29D085F23DB71E0004848F7;
					};
					C29D088123DB71E3004848F7 = {
						CreatedOnToolsVersion = 10.1;
						TestTargetID = C29D085F23DB71E0004848F7;
					};
				};
			};
			buildConfigurationList = C29D085B23DB71DF004848F7 /* Build configuration list for PBXProject "UdaciFitness" */;
			compatibilityVersion = "Xcode 9.3";
			developmentRegion = en;
			hasScannedForEncodings = 0;
			knownRegions = (
				en,
				Base,
			);
			mainGroup = C29D085723DB71DF004848F7;
			productRefGroup = C29D086123DB71E0004848F7 /* Products */;
			projectDirPath = "";
			projectRoot = "";
			targets = (
				C29D085F23DB71E0004848F7 /* UdaciFitness */,
				C29D087623DB71E3004848F7 /* UdaciFitnessTests */,
				C29D088123DB71E3004848F7 /* UdaciFitnessUITests */,
			);
		};
/* End PBXProject section */

/* Begin PBXResourcesBuildPhase section */
		C29D085E23DB71E0004848F7 /* Resources */ = {
			isa = PBXResourcesBuildPhase;
			buildActionMask = 2147483647;
			files = (
				C29D087123DB71E3004848F7 /* LaunchScreen.storyboard in Resources */,
				C29D086E23DB71E3004848F7 /* Assets.xcassets in Resources */,
				C29D086923DB71E0004848F7 /* Main.storyboard in Resources */,
			);
			runOnlyForDeploymentPostprocessing = 0;
		};
		C29D087523DB71E3004848F7 /* Resources */ = {
			isa = PBXResourcesBuildPhase;
			buildActionMask = 2147483647;
			files = (
			);
			runOnlyForDeploymentPostprocessing = 0;
		};
		C29D088023DB71E3004848F7 /* Resources */ = {
			isa = PBXResourcesBuildPhase;
			buildActionMask = 2147483647;
			files = (
			);
			runOnlyForDeploymentPostprocessing = 0;
		};
/* End PBXResourcesBuildPhase section */

/* Begin PBXSourcesBuildPhase section */
		C29D085C23DB71E0004848F7 /* Sources */ = {
			isa = PBXSourcesBuildPhase;
			buildActionMask = 2147483647;
			files = (
				C29D086623DB71E0004848F7 /* ViewController.swift in Sources */,
				C29D086C23DB71E0004848F7 /* UdaciFitness.xcdatamodeld in Sources */,
				C29D086423DB71E0004848F7 /* AppDelegate.swift in Sources */,
			);
			runOnlyForDeploymentPostprocessing = 0;
		};
		C29D087323DB71E3004848F7 /* Sources */ = {
			isa = PBXSourcesBuildPhase;
			buildActionMask = 2147483647;
			files = (
				C29D087C23DB71E3004848F7 /* UdaciFitnessTests.swift in Sources */,
			);
			runOnlyForDeploymentPostprocessing = 0;
		};
		C29D087E23DB71E3004848F7 /* Sources */ = {
			isa = PBXSourcesBuildPhase;
			buildActionMask = 2147483647;
			files = (
				C29D088723DB71E3004848F7 /* UdaciFitnessUITests.swift in Sources */,
			);
			runOnlyForDeploymentPostprocessing = 0;
		};
/* End PBXSourcesBuildPhase section */

/* Begin PBXTargetDependency section */
		C29D087923DB71E3004848F7 /* PBXTargetDependency */ = {
			isa = PBXTargetDependency;
			target = C29D085F23DB71E0004848F7 /* UdaciFitness */;
			targetProxy = C29D087823DB71E3004848F7 /* PBXContainerItemProxy */;
		};
		C29D088423DB71E3004848F7 /* PBXTargetDependency */ = {
			isa = PBXTargetDependency;
			target = C29D085F23DB71E0004848F7 /* UdaciFitness */;
			targetProxy = C29D088323DB71E3004848F7 /* PBXContainerItemProxy */;
		};
/* End PBXTargetDependency section */

/* Begin PBXVariantGroup section */
		C29D086723DB71E0004848F7 /* Main.storyboard */ = {
			isa = PBXVariantGroup;
			children = (
				C29D086823DB71E0004848F7 /* Base */,
			);
			name = Main.storyboard;
			sourceTree = "<group>";
		};
		C29D086F23DB71E3004848F7 /* LaunchScreen.storyboard */ = {
			isa = PBXVariantGroup;
			children = (
				C29D087023DB71E3004848F7 /* Base */,
			);
			name = LaunchScreen.storyboard;
			sourceTree = "<group>";
		};
/* End PBXVariantGroup section */

/* Begin XCBuildConfiguration section */
		C29D088923DB71E3004848F7 /* Debug */ = {
			isa = XCBuildConfiguration;
			buildSettings = {
				ALWAYS_SEARCH_USER_PATHS = NO;
				CLANG_ANALYZER_NONNULL = YES;
				CLANG_ANALYZER_NUMBER_OBJECT_CONVERSION = YES_AGGRESSIVE;
				CLANG_CXX_LANGUAGE_STANDARD = "gnu++14";
				CLANG_CXX_LIBRARY = "libc++";
				CLANG_ENABLE_MODULES = YES;
				CLANG_ENABLE_OBJC_ARC = YES;
				CLANG_ENABLE_OBJC_WEAK = YES;
				CLANG_WARN_BLOCK_CAPTURE_AUTORELEASING = YES;
				CLANG_WARN_BOOL_CONVERSION = YES;
				CLANG_WARN_COMMA = YES;
				CLANG_WARN_CONSTANT_CONVERSION = YES;
				CLANG_WARN_DEPRECATED_OBJC_IMPLEMENTATIONS = YES;
				CLANG_WARN_DIRECT_OBJC_ISA_USAGE = YES_ERROR;
				CLANG_WARN_DOCUMENTATION_COMMENTS = YES;
				CLANG_WARN_EMPTY_BODY = YES;
				CLANG_WARN_ENUM_CONVERSION = YES;
				CLANG_WARN_INFINITE_RECURSION = YES;
				CLANG_WARN_INT_CONVERSION = YES;
				CLANG_WARN_NON_LITERAL_NULL_CONVERSION = YES;
				CLANG_WARN_OBJC_IMPLICIT_RETAIN_SELF = YES;
				CLANG_WARN_OBJC_LITERAL_CONVERSION = YES;
				CLANG_WARN_OBJC_ROOT_CLASS = YES_ERROR;
				CLANG_WARN_RANGE_LOOP_ANALYSIS = YES;
				CLANG_WARN_STRICT_PROTOTYPES = YES;
				CLANG_WARN_SUSPICIOUS_MOVE = YES;
				CLANG_WARN_UNGUARDED_AVAILABILITY = YES_AGGRESSIVE;
				CLANG_WARN_UNREACHABLE_CODE = YES;
				CLANG_WARN__DUPLICATE_METHOD_MATCH = YES;
				CODE_SIGN_IDENTITY = "iPhone Developer";
				COPY_PHASE_STRIP = NO;
				DEBUG_INFORMATION_FORMAT = dwarf;
				ENABLE_STRICT_OBJC_MSGSEND = YES;
				ENABLE_TESTABILITY = YES;
				GCC_C_LANGUAGE_STANDARD = gnu11;
				GCC_DYNAMIC_NO_PIC = NO;
				GCC_NO_COMMON_BLOCKS = YES;
				GCC_OPTIMIZATION_LEVEL = 0;
				GCC_PREPROCESSOR_DEFINITIONS = (
					"DEBUG=1",
					"$(inherited)",
				);
				GCC_WARN_64_TO_32_BIT_CONVERSION = YES;
				GCC_WARN_ABOUT_RETURN_TYPE = YES_ERROR;
				GCC_WARN_UNDECLARED_SELECTOR = YES;
				GCC_WARN_UNINITIALIZED_AUTOS = YES_AGGRESSIVE;
				GCC_WARN_UNUSED_FUNCTION = YES;
				GCC_WARN_UNUSED_VARIABLE = YES;
				IPHONEOS_DEPLOYMENT_TARGET = 12.1;
				MTL_ENABLE_DEBUG_INFO = INCLUDE_SOURCE;
				MTL_FAST_MATH = YES;
				ONLY_ACTIVE_ARCH = YES;
				SDKROOT = iphoneos;
				SWIFT_ACTIVE_COMPILATION_CONDITIONS = DEBUG;
				SWIFT_OPTIMIZATION_LEVEL = "-Onone";
			};
			name = Debug;
		};
		C29D088A23DB71E3004848F7 /* Release */ = {
			isa = XCBuildConfiguration;
			buildSettings = {
				ALWAYS_SEARCH_USER_PATHS = NO;
				CLANG_ANALYZER_NONNULL = YES;
				CLANG_ANALYZER_NUMBER_OBJECT_CONVERSION = YES_AGGRESSIVE;
				CLANG_CXX_LANGUAGE_STANDARD = "gnu++14";
				CLANG_CXX_LIBRARY = "libc++";
				CLANG_ENABLE_MODULES = YES;
				CLANG_ENABLE_OBJC_ARC = YES;
				CLANG_ENABLE_OBJC_WEAK = YES;
				CLANG_WARN_BLOCK_CAPTURE_AUTORELEASING = YES;
				CLANG_WARN_BOOL_CONVERSION = YES;
				CLANG_WARN_COMMA = YES;
				CLANG_WARN_CONSTANT_CONVERSION = YES;
				CLANG_WARN_DEPRECATED_OBJC_IMPLEMENTATIONS = YES;
				CLANG_WARN_DIRECT_OBJC_ISA_USAGE = YES_ERROR;
				CLANG_WARN_DOCUMENTATION_COMMENTS = YES;
				CLANG_WARN_EMPTY_BODY = YES;
				CLANG_WARN_ENUM_CONVERSION = YES;
				CLANG_WARN_INFINITE_RECURSION = YES;
				CLANG_WARN_INT_CONVERSION = YES;
				CLANG_WARN_NON_LITERAL_NULL_CONVERSION = YES;
				CLANG_WARN_OBJC_IMPLICIT_RETAIN_SELF = YES;
				CLANG_WARN_OBJC_LITERAL_CONVERSION = YES;
				CLANG_WARN_OBJC_ROOT_CLASS = YES_ERROR;
				CLANG_WARN_RANGE_LOOP_ANALYSIS = YES;
				CLANG_WARN_STRICT_PROTOTYPES = YES;
				CLANG_WARN_SUSPICIOUS_MOVE = YES;
				CLANG_WARN_UNGUARDED_AVAILABILITY = YES_AGGRESSIVE;
				CLANG_WARN_UNREACHABLE_CODE = YES;
				CLANG_WARN__DUPLICATE_METHOD_MATCH = YES;
				CODE_SIGN_IDENTITY = "iPhone Developer";
				COPY_PHASE_STRIP = NO;
				DEBUG_INFORMATION_FORMAT = "dwarf-with-dsym";
				ENABLE_NS_ASSERTIONS = NO;
				ENABLE_STRICT_OBJC_MSGSEND = YES;
				GCC_C_LANGUAGE_STANDARD = gnu11;
				GCC_NO_COMMON_BLOCKS = YES;
				GCC_WARN_64_TO_32_BIT_CONVERSION = YES;
				GCC_WARN_ABOUT_RETURN_TYPE = YES_ERROR;
				GCC_WARN_UNDECLARED_SELECTOR = YES;
				GCC_WARN_UNINITIALIZED_AUTOS = YES_AGGRESSIVE;
				GCC_WARN_UNUSED_FUNCTION = YES;
				GCC_WARN_UNUSED_VARIABLE = YES;
				IPHONEOS_DEPLOYMENT_TARGET = 12.1;
				MTL_ENABLE_DEBUG_INFO = NO;
				MTL_FAST_MATH = YES;
				SDKROOT = iphoneos;
				SWIFT_COMPILATION_MODE = wholemodule;
				SWIFT_OPTIMIZATION_LEVEL = "-O";
				VALIDATE_PRODUCT = YES;
			};
			name = Release;
		};
		C29D088C23DB71E3004848F7 /* Debug */ = {
			isa = XCBuildConfiguration;
			buildSettings = {
				ASSETCATALOG_COMPILER_APPICON_NAME = AppIcon;
				CODE_SIGN_STYLE = Automatic;
				INFOPLIST_FILE = UdaciFitness/Info.plist;
				IPHONEOS_DEPLOYMENT_TARGET = 12.0;
				LD_RUNPATH_SEARCH_PATHS = (
					"$(inherited)",
					"@executable_path/Frameworks",
				);
				PRODUCT_BUNDLE_IDENTIFIER = Udacity.UdaciFitness;
				PRODUCT_NAME = "$(TARGET_NAME)";
				SWIFT_VERSION = 4.2;
				TARGETED_DEVICE_FAMILY = 1;
			};
			name = Debug;
		};
		C29D088D23DB71E3004848F7 /* Release */ = {
			isa = XCBuildConfiguration;
			buildSettings = {
				ASSETCATALOG_COMPILER_APPICON_NAME = AppIcon;
				CODE_SIGN_STYLE = Automatic;
				INFOPLIST_FILE = UdaciFitness/Info.plist;
				IPHONEOS_DEPLOYMENT_TARGET = 12.0;
				LD_RUNPATH_SEARCH_PATHS = (
					"$(inherited)",
					"@executable_path/Frameworks",
				);
				PRODUCT_BUNDLE_IDENTIFIER = Udacity.UdaciFitness;
				PRODUCT_NAME = "$(TARGET_NAME)";
				SWIFT_VERSION = 4.2;
				TARGETED_DEVICE_FAMILY = 1;
			};
			name = Release;
		};
		C29D088F23DB71E3004848F7 /* Debug */ = {
			isa = XCBuildConfiguration;
			buildSettings = {
				ALWAYS_EMBED_SWIFT_STANDARD_LIBRARIES = YES;
				BUNDLE_LOADER = "$(TEST_HOST)";
				CODE_SIGN_STYLE = Automatic;
				INFOPLIST_FILE = UdaciFitnessTests/Info.plist;
				LD_RUNPATH_SEARCH_PATHS = (
					"$(inherited)",
					"@executable_path/Frameworks",
					"@loader_path/Frameworks",
				);
				PRODUCT_BUNDLE_IDENTIFIER = Udacity.UdaciFitnessTests;
				PRODUCT_NAME = "$(TARGET_NAME)";
				SWIFT_VERSION = 4.2;
				TARGETED_DEVICE_FAMILY = "1,2";
				TEST_HOST = "$(BUILT_PRODUCTS_DIR)/UdaciFitness.app/UdaciFitness";
			};
			name = Debug;
		};
		C29D089023DB71E3004848F7 /* Release */ = {
			isa = XCBuildConfiguration;
			buildSettings = {
				ALWAYS_EMBED_SWIFT_STANDARD_LIBRARIES = YES;
				BUNDLE_LOADER = "$(TEST_HOST)";
				CODE_SIGN_STYLE = Automatic;
				INFOPLIST_FILE = UdaciFitnessTests/Info.plist;
				LD_RUNPATH_SEARCH_PATHS = (
					"$(inherited)",
					"@executable_path/Frameworks",
					"@loader_path/Frameworks",
				);
				PRODUCT_BUNDLE_IDENTIFIER = Udacity.UdaciFitnessTests;
				PRODUCT_NAME = "$(TARGET_NAME)";
				SWIFT_VERSION = 4.2;
				TARGETED_DEVICE_FAMILY = "1,2";
				TEST_HOST = "$(BUILT_PRODUCTS_DIR)/UdaciFitness.app/UdaciFitness";
			};
			name = Release;
		};
		C29D089223DB71E3004848F7 /* Debug */ = {
			isa = XCBuildConfiguration;
			buildSettings = {
				ALWAYS_EMBED_SWIFT_STANDARD_LIBRARIES = YES;
				CODE_SIGN_STYLE = Automatic;
				INFOPLIST_FILE = UdaciFitnessUITests/Info.plist;
				LD_RUNPATH_SEARCH_PATHS = (
					"$(inherited)",
					"@executable_path/Frameworks",
					"@loader_path/Frameworks",
				);
				PRODUCT_BUNDLE_IDENTIFIER = Udacity.UdaciFitnessUITests;
				PRODUCT_NAME = "$(TARGET_NAME)";
				SWIFT_VERSION = 4.2;
				TARGETED_DEVICE_FAMILY = "1,2";
				TEST_TARGET_NAME = UdaciFitness;
			};
			name = Debug;
		};
		C29D089323DB71E3004848F7 /* Release */ = {
			isa = XCBuildConfiguration;
			buildSettings = {
				ALWAYS_EMBED_SWIFT_STANDARD_LIBRARIES = YES;
				CODE_SIGN_STYLE = Automatic;
				INFOPLIST_FILE = UdaciFitnessUITests/Info.plist;
				LD_RUNPATH_SEARCH_PATHS = (
					"$(inherited)",
					"@executable_path/Frameworks",
					"@loader_path/Frameworks",
				);
				PRODUCT_BUNDLE_IDENTIFIER = Udacity.UdaciFitnessUITests;
				PRODUCT_NAME = "$(TARGET_NAME)";
				SWIFT_VERSION = 4.2;
				TARGETED_DEVICE_FAMILY = "1,2";
				TEST_TARGET_NAME = UdaciFitness;
			};
			name = Release;
		};
/* End XCBuildConfiguration section */

/* Begin XCConfigurationList section */
		C29D085B23DB71DF004848F7 /* Build configuration list for PBXProject "UdaciFitness" */ = {
			isa = XCConfigurationList;
			buildConfigurations = (
				C29D088923DB71E3004848F7 /* Debug */,
				C29D088A23DB71E3004848F7 /* Release */,
			);
			defaultConfigurationIsVisible = 0;
			defaultConfigurationName = Release;
		};
		C29D088B23DB71E3004848F7 /* Build configuration list for PBXNativeTarget "UdaciFitness" */ = {
			isa = XCConfigurationList;
			buildConfigurations = (
				C29D088C23DB71E3004848F7 /* Debug */,
				C29D088D23DB71E3004848F7 /* Release */,
			);
			defaultConfigurationIsVisible = 0;
			defaultConfigurationName = Release;
		};
		C29D088E23DB71E3004848F7 /* Build configuration list for PBXNativeTarget "UdaciFitnessTests" */ = {
			isa = XCConfigurationList;
			buildConfigurations = (
				C29D088F23DB71E3004848F7 /* Debug */,
				C29D089023DB71E3004848F7 /* Release */,
			);
			defaultConfigurationIsVisible = 0;
			defaultConfigurationName = Release;
		};
		C29D089123DB71E3004848F7 /* Build configuration list for PBXNativeTarget "UdaciFitnessUITests" */ = {
			isa = XCConfigurationList;
			buildConfigurations = (
				C29D089223DB71E3004848F7 /* Debug */,
				C29D089323DB71E3004848F7 /* Release */,
			);
			defaultConfigurationIsVisible = 0;
			defaultConfigurationName = Release;
		};
/* End XCConfigurationList section */

/* Begin XCVersionGroup section */
		C29D086A23DB71E0004848F7 /* UdaciFitness.xcdatamodeld */ = {
			isa = XCVersionGroup;
			children = (
				C29D086B23DB71E0004848F7 /* UdaciFitness.xcdatamodel */,
			);
			currentVersion = C29D086B23DB71E0004848F7 /* UdaciFitness.xcdatamodel */;
			path = UdaciFitness.xcdatamodeld;
			sourceTree = "<group>";
			versionGroupType = wrapper.xcdatamodel;
		};
/* End XCVersionGroup section */
	};
	rootObject = C29D085823DB71DF004848F7 /* Project object */;
}
